
Microsoft Visual Studio Solution File, Format Version 12.00
# Visual Studio Version 17
VisualStudioVersion = 17.0.32112.339
MinimumVisualStudioVersion = 10.0.40219.1
Project("{FAE04EC0-301F-11D3-BF4B-00C04F79EFBC}") = "ConsoleApp1", "ConsoleApp1.csproj", "{A5A48302-2139-464D-BD04-DF6E3362EC9F}"
EndProject
Global
	GlobalSection(SolutionConfigurationPlatforms) = preSolution
		Debug|Any CPU = Debug|Any CPU
		Release|Any CPU = Release|Any CPU
	EndGlobalSection
	GlobalSection(ProjectConfigurationPlatforms) = postSolution
		{A5A48302-2139-464D-BD04-DF6E3362EC9F}.Debug|Any CPU.ActiveCfg = Debug|Any CPU
		{A5A48302-2139-464D-BD04-DF6E3362EC9F}.Debug|Any CPU.Build.0 = Debug|Any CPU
		{A5A48302-2139-464D-BD04-DF6E3362EC9F}.Release|Any CPU.ActiveCfg = Release|Any CPU
		{A5A48302-2139-464D-BD04-DF6E3362EC9F}.Release|Any CPU.Build.0 = Release|Any CPU
	EndGlobalSection
	GlobalSection(SolutionProperties) = preSolution
		HideSolutionNode = FALSE
	EndGlobalSection
	GlobalSection(ExtensibilityGlobals) = postSolution
		SolutionGuid = {55AE9E2D-FA86-4F68-B66B-9A198C92D448}
	EndGlobalSection
EndGlobal
